
Microsoft Visual Studio Solution File, Format Version 12.00
# Visual Studio Version 16
VisualStudioVersion = 16.0.29728.190
MinimumVisualStudioVersion = 10.0.40219.1
Project("{FAE04EC0-301F-11D3-BF4B-00C04F79EFBC}") = "01-Higher-Lower-Heads-Tails", "01-Higher-Lower-Heads-Tails\01-Higher-Lower-Heads-Tails.csproj", "{BA6FD280-1EF8-4202-8C84-E05D86536843}"
EndProject
Global
	GlobalSection(SolutionConfigurationPlatforms) = preSolution
		Debug|Any CPU = Debug|Any CPU
		Release|Any CPU = Release|Any CPU
	EndGlobalSection
	GlobalSection(ProjectConfigurationPlatforms) = postSolution
		{BA6FD280-1EF8-4202-8C84-E05D86536843}.Debug|Any CPU.ActiveCfg = Debug|Any CPU
		{BA6FD280-1EF8-4202-8C84-E05D86536843}.Debug|Any CPU.Build.0 = Debug|Any CPU
		{BA6FD280-1EF8-4202-8C84-E05D86536843}.Release|Any CPU.ActiveCfg = Release|Any CPU
		{BA6FD280-1EF8-4202-8C84-E05D86536843}.Release|Any CPU.Build.0 = Release|Any CPU
	EndGlobalSection
	GlobalSection(SolutionProperties) = preSolution
		HideSolutionNode = FALSE
	EndGlobalSection
	GlobalSection(ExtensibilityGlobals) = postSolution
		SolutionGuid = {027E2805-AF22-4FDC-B3E2-D2A3871BA3EA}
	EndGlobalSection
EndGlobal
