
Microsoft Visual Studio Solution File, Format Version 12.00
# Visual Studio Version 16
VisualStudioVersion = 16.0.29806.167
MinimumVisualStudioVersion = 10.0.40219.1
Project("{FAE04EC0-301F-11D3-BF4B-00C04F79EFBC}") = "22-BMI-Calculator", "22-BMI-Calculator\22-BMI-Calculator.csproj", "{85098741-8566-45A6-A604-E5B8A34D5DAA}"
EndProject
Global
	GlobalSection(SolutionConfigurationPlatforms) = preSolution
		Debug|Any CPU = Debug|Any CPU
		Release|Any CPU = Release|Any CPU
	EndGlobalSection
	GlobalSection(ProjectConfigurationPlatforms) = postSolution
		{85098741-8566-45A6-A604-E5B8A34D5DAA}.Debug|Any CPU.ActiveCfg = Debug|Any CPU
		{85098741-8566-45A6-A604-E5B8A34D5DAA}.Debug|Any CPU.Build.0 = Debug|Any CPU
		{85098741-8566-45A6-A604-E5B8A34D5DAA}.Release|Any CPU.ActiveCfg = Release|Any CPU
		{85098741-8566-45A6-A604-E5B8A34D5DAA}.Release|Any CPU.Build.0 = Release|Any CPU
	EndGlobalSection
	GlobalSection(SolutionProperties) = preSolution
		HideSolutionNode = FALSE
	EndGlobalSection
	GlobalSection(ExtensibilityGlobals) = postSolution
		SolutionGuid = {0F7C7EC5-66FB-475F-8DD7-31BFA6D12DD4}
	EndGlobalSection
EndGlobal
